
Microsoft Visual Studio Solution File, Format Version 12.00
# Visual Studio 15
VisualStudioVersion = 15.0.28010.2026
MinimumVisualStudioVersion = 10.0.40219.1
Project("{9A19103F-16F7-4668-BE54-9A1E7A4F7556}") = "EMS.API", "EMS.API\EMS.API.csproj", "{65B64D19-26EB-405F-A82C-9FB5F42D17E9}"
EndProject
Project("{2150E333-8FDC-42A3-9474-1A3956D46DE8}") = "01 - API", "01 - API", "{C8ABDC85-EBC0-447F-B28B-47DB8951B8D6}"
EndProject
Project("{2150E333-8FDC-42A3-9474-1A3956D46DE8}") = "02-Infrastructure", "02-Infrastructure", "{4001F3AB-5832-4A6D-B229-2B18FE1BB4ED}"
EndProject
Project("{2150E333-8FDC-42A3-9474-1A3956D46DE8}") = "03-Core", "03-Core", "{6C70CE56-7708-4B24-9ADE-C6D027EAAA89}"
	ProjectSection(SolutionItems) = preProject
		EMS.Persistence\ServiceCollectionExtension.cs = EMS.Persistence\ServiceCollectionExtension.cs
	EndProjectSection
EndProject
Project("{9A19103F-16F7-4668-BE54-9A1E7A4F7556}") = "EMS.Domain", "EMS.Domain\EMS.Domain.csproj", "{DB44F7BE-20E4-46CC-A54A-25B3FDF2B3E8}"
EndProject
Project("{9A19103F-16F7-4668-BE54-9A1E7A4F7556}") = "EMS.Business", "EMS.Business\EMS.Business.csproj", "{B1FF91A5-0A93-47E1-88F4-176CBA6B0B84}"
EndProject
Project("{9A19103F-16F7-4668-BE54-9A1E7A4F7556}") = "EMS.Persistence", "EMS.Persistence\EMS.Persistence.csproj", "{FC86BC7E-FE6C-4CC1-B13A-903156BF1191}"
EndProject
Project("{9A19103F-16F7-4668-BE54-9A1E7A4F7556}") = "EMS.API.Tests", "EMS.API.Tests\EMS.API.Tests.csproj", "{95F10FEF-1DBC-4DB6-AC9B-D5574FFC3E41}"
EndProject
Project("{2150E333-8FDC-42A3-9474-1A3956D46DE8}") = "04-Tests", "04-Tests", "{693DAFD1-03D7-4D8F-B660-83C6FA3E9F92}"
EndProject
Project("{9A19103F-16F7-4668-BE54-9A1E7A4F7556}") = "EMS.Domain.Tests", "EMS.Domain.Tests\EMS.Domain.Tests.csproj", "{E2C11CC6-08D6-4D6A-9B6B-40F67DDE531E}"
EndProject
Project("{9A19103F-16F7-4668-BE54-9A1E7A4F7556}") = "EMS.Service.Tests", "EMS.Service.Tests\EMS.Service.Tests.csproj", "{883F2E96-CE04-4B9B-A214-5ACE911F5CC2}"
EndProject
Global
	GlobalSection(SolutionConfigurationPlatforms) = preSolution
		Debug|Any CPU = Debug|Any CPU
		Debug|x64 = Debug|x64
		Debug|x86 = Debug|x86
		Release|Any CPU = Release|Any CPU
		Release|x64 = Release|x64
		Release|x86 = Release|x86
	EndGlobalSection
	GlobalSection(ProjectConfigurationPlatforms) = postSolution
		{65B64D19-26EB-405F-A82C-9FB5F42D17E9}.Debug|Any CPU.ActiveCfg = Debug|Any CPU
		{65B64D19-26EB-405F-A82C-9FB5F42D17E9}.Debug|Any CPU.Build.0 = Debug|Any CPU
		{65B64D19-26EB-405F-A82C-9FB5F42D17E9}.Debug|x64.ActiveCfg = Debug|Any CPU
		{65B64D19-26EB-405F-A82C-9FB5F42D17E9}.Debug|x64.Build.0 = Debug|Any CPU
		{65B64D19-26EB-405F-A82C-9FB5F42D17E9}.Debug|x86.ActiveCfg = Debug|Any CPU
		{65B64D19-26EB-405F-A82C-9FB5F42D17E9}.Debug|x86.Build.0 = Debug|Any CPU
		{65B64D19-26EB-405F-A82C-9FB5F42D17E9}.Release|Any CPU.ActiveCfg = Release|Any CPU
		{65B64D19-26EB-405F-A82C-9FB5F42D17E9}.Release|Any CPU.Build.0 = Release|Any CPU
		{65B64D19-26EB-405F-A82C-9FB5F42D17E9}.Release|x64.ActiveCfg = Release|Any CPU
		{65B64D19-26EB-405F-A82C-9FB5F42D17E9}.Release|x64.Build.0 = Release|Any CPU
		{65B64D19-26EB-405F-A82C-9FB5F42D17E9}.Release|x86.ActiveCfg = Release|Any CPU
		{65B64D19-26EB-405F-A82C-9FB5F42D17E9}.Release|x86.Build.0 = Release|Any CPU
		{DB44F7BE-20E4-46CC-A54A-25B3FDF2B3E8}.Debug|Any CPU.ActiveCfg = Debug|Any CPU
		{DB44F7BE-20E4-46CC-A54A-25B3FDF2B3E8}.Debug|Any CPU.Build.0 = Debug|Any CPU
		{DB44F7BE-20E4-46CC-A54A-25B3FDF2B3E8}.Debug|x64.ActiveCfg = Debug|Any CPU
		{DB44F7BE-20E4-46CC-A54A-25B3FDF2B3E8}.Debug|x64.Build.0 = Debug|Any CPU
		{DB44F7BE-20E4-46CC-A54A-25B3FDF2B3E8}.Debug|x86.ActiveCfg = Debug|Any CPU
		{DB44F7BE-20E4-46CC-A54A-25B3FDF2B3E8}.Debug|x86.Build.0 = Debug|Any CPU
		{DB44F7BE-20E4-46CC-A54A-25B3FDF2B3E8}.Release|Any CPU.ActiveCfg = Release|Any CPU
		{DB44F7BE-20E4-46CC-A54A-25B3FDF2B3E8}.Release|Any CPU.Build.0 = Release|Any CPU
		{DB44F7BE-20E4-46CC-A54A-25B3FDF2B3E8}.Release|x64.ActiveCfg = Release|Any CPU
		{DB44F7BE-20E4-46CC-A54A-25B3FDF2B3E8}.Release|x64.Build.0 = Release|Any CPU
		{DB44F7BE-20E4-46CC-A54A-25B3FDF2B3E8}.Release|x86.ActiveCfg = Release|Any CPU
		{DB44F7BE-20E4-46CC-A54A-25B3FDF2B3E8}.Release|x86.Build.0 = Release|Any CPU
		{B1FF91A5-0A93-47E1-88F4-176CBA6B0B84}.Debug|Any CPU.ActiveCfg = Debug|Any CPU
		{B1FF91A5-0A93-47E1-88F4-176CBA6B0B84}.Debug|Any CPU.Build.0 = Debug|Any CPU
		{B1FF91A5-0A93-47E1-88F4-176CBA6B0B84}.Debug|x64.ActiveCfg = Debug|Any CPU
		{B1FF91A5-0A93-47E1-88F4-176CBA6B0B84}.Debug|x64.Build.0 = Debug|Any CPU
		{B1FF91A5-0A93-47E1-88F4-176CBA6B0B84}.Debug|x86.ActiveCfg = Debug|Any CPU
		{B1FF91A5-0A93-47E1-88F4-176CBA6B0B84}.Debug|x86.Build.0 = Debug|Any CPU
		{B1FF91A5-0A93-47E1-88F4-176CBA6B0B84}.Release|Any CPU.ActiveCfg = Release|Any CPU
		{B1FF91A5-0A93-47E1-88F4-176CBA6B0B84}.Release|Any CPU.Build.0 = Release|Any CPU
		{B1FF91A5-0A93-47E1-88F4-176CBA6B0B84}.Release|x64.ActiveCfg = Release|Any CPU
		{B1FF91A5-0A93-47E1-88F4-176CBA6B0B84}.Release|x64.Build.0 = Release|Any CPU
		{B1FF91A5-0A93-47E1-88F4-176CBA6B0B84}.Release|x86.ActiveCfg = Release|Any CPU
		{B1FF91A5-0A93-47E1-88F4-176CBA6B0B84}.Release|x86.Build.0 = Release|Any CPU
		{FC86BC7E-FE6C-4CC1-B13A-903156BF1191}.Debug|Any CPU.ActiveCfg = Debug|Any CPU
		{FC86BC7E-FE6C-4CC1-B13A-903156BF1191}.Debug|Any CPU.Build.0 = Debug|Any CPU
		{FC86BC7E-FE6C-4CC1-B13A-903156BF1191}.Debug|x64.ActiveCfg = Debug|Any CPU
		{FC86BC7E-FE6C-4CC1-B13A-903156BF1191}.Debug|x64.Build.0 = Debug|Any CPU
		{FC86BC7E-FE6C-4CC1-B13A-903156BF1191}.Debug|x86.ActiveCfg = Debug|Any CPU
		{FC86BC7E-FE6C-4CC1-B13A-903156BF1191}.Debug|x86.Build.0 = Debug|Any CPU
		{FC86BC7E-FE6C-4CC1-B13A-903156BF1191}.Release|Any CPU.ActiveCfg = Release|Any CPU
		{FC86BC7E-FE6C-4CC1-B13A-903156BF1191}.Release|Any CPU.Build.0 = Release|Any CPU
		{FC86BC7E-FE6C-4CC1-B13A-903156BF1191}.Release|x64.ActiveCfg = Release|Any CPU
		{FC86BC7E-FE6C-4CC1-B13A-903156BF1191}.Release|x64.Build.0 = Release|Any CPU
		{FC86BC7E-FE6C-4CC1-B13A-903156BF1191}.Release|x86.ActiveCfg = Release|Any CPU
		{FC86BC7E-FE6C-4CC1-B13A-903156BF1191}.Release|x86.Build.0 = Release|Any CPU
		{95F10FEF-1DBC-4DB6-AC9B-D5574FFC3E41}.Debug|Any CPU.ActiveCfg = Debug|Any CPU
		{95F10FEF-1DBC-4DB6-AC9B-D5574FFC3E41}.Debug|Any CPU.Build.0 = Debug|Any CPU
		{95F10FEF-1DBC-4DB6-AC9B-D5574FFC3E41}.Debug|x64.ActiveCfg = Debug|Any CPU
		{95F10FEF-1DBC-4DB6-AC9B-D5574FFC3E41}.Debug|x64.Build.0 = Debug|Any CPU
		{95F10FEF-1DBC-4DB6-AC9B-D5574FFC3E41}.Debug|x86.ActiveCfg = Debug|Any CPU
		{95F10FEF-1DBC-4DB6-AC9B-D5574FFC3E41}.Debug|x86.Build.0 = Debug|Any CPU
		{95F10FEF-1DBC-4DB6-AC9B-D5574FFC3E41}.Release|Any CPU.ActiveCfg = Release|Any CPU
		{95F10FEF-1DBC-4DB6-AC9B-D5574FFC3E41}.Release|Any CPU.Build.0 = Release|Any CPU
		{95F10FEF-1DBC-4DB6-AC9B-D5574FFC3E41}.Release|x64.ActiveCfg = Release|Any CPU
		{95F10FEF-1DBC-4DB6-AC9B-D5574FFC3E41}.Release|x64.Build.0 = Release|Any CPU
		{95F10FEF-1DBC-4DB6-AC9B-D5574FFC3E41}.Release|x86.ActiveCfg = Release|Any CPU
		{95F10FEF-1DBC-4DB6-AC9B-D5574FFC3E41}.Release|x86.Build.0 = Release|Any CPU
		{E2C11CC6-08D6-4D6A-9B6B-40F67DDE531E}.Debug|Any CPU.ActiveCfg = Debug|Any CPU
		{E2C11CC6-08D6-4D6A-9B6B-40F67DDE531E}.Debug|Any CPU.Build.0 = Debug|Any CPU
		{E2C11CC6-08D6-4D6A-9B6B-40F67DDE531E}.Debug|x64.ActiveCfg = Debug|Any CPU
		{E2C11CC6-08D6-4D6A-9B6B-40F67DDE531E}.Debug|x64.Build.0 = Debug|Any CPU
		{E2C11CC6-08D6-4D6A-9B6B-40F67DDE531E}.Debug|x86.ActiveCfg = Debug|Any CPU
		{E2C11CC6-08D6-4D6A-9B6B-40F67DDE531E}.Debug|x86.Build.0 = Debug|Any CPU
		{E2C11CC6-08D6-4D6A-9B6B-40F67DDE531E}.Release|Any CPU.ActiveCfg = Release|Any CPU
		{E2C11CC6-08D6-4D6A-9B6B-40F67DDE531E}.Release|Any CPU.Build.0 = Release|Any CPU
		{E2C11CC6-08D6-4D6A-9B6B-40F67DDE531E}.Release|x64.ActiveCfg = Release|Any CPU
		{E2C11CC6-08D6-4D6A-9B6B-40F67DDE531E}.Release|x64.Build.0 = Release|Any CPU
		{E2C11CC6-08D6-4D6A-9B6B-40F67DDE531E}.Release|x86.ActiveCfg = Release|Any CPU
		{E2C11CC6-08D6-4D6A-9B6B-40F67DDE531E}.Release|x86.Build.0 = Release|Any CPU
		{883F2E96-CE04-4B9B-A214-5ACE911F5CC2}.Debug|Any CPU.ActiveCfg = Debug|Any CPU
		{883F2E96-CE04-4B9B-A214-5ACE911F5CC2}.Debug|Any CPU.Build.0 = Debug|Any CPU
		{883F2E96-CE04-4B9B-A214-5ACE911F5CC2}.Debug|x64.ActiveCfg = Debug|Any CPU
		{883F2E96-CE04-4B9B-A214-5ACE911F5CC2}.Debug|x64.Build.0 = Debug|Any CPU
		{883F2E96-CE04-4B9B-A214-5ACE911F5CC2}.Debug|x86.ActiveCfg = Debug|Any CPU
		{883F2E96-CE04-4B9B-A214-5ACE911F5CC2}.Debug|x86.Build.0 = Debug|Any CPU
		{883F2E96-CE04-4B9B-A214-5ACE911F5CC2}.Release|Any CPU.ActiveCfg = Release|Any CPU
		{883F2E96-CE04-4B9B-A214-5ACE911F5CC2}.Release|Any CPU.Build.0 = Release|Any CPU
		{883F2E96-CE04-4B9B-A214-5ACE911F5CC2}.Release|x64.ActiveCfg = Release|Any CPU
		{883F2E96-CE04-4B9B-A214-5ACE911F5CC2}.Release|x64.Build.0 = Release|Any CPU
		{883F2E96-CE04-4B9B-A214-5ACE911F5CC2}.Release|x86.ActiveCfg = Release|Any CPU
		{883F2E96-CE04-4B9B-A214-5ACE911F5CC2}.Release|x86.Build.0 = Release|Any CPU
	EndGlobalSection
	GlobalSection(SolutionProperties) = preSolution
		HideSolutionNode = FALSE
	EndGlobalSection
	GlobalSection(NestedProjects) = preSolution
		{65B64D19-26EB-405F-A82C-9FB5F42D17E9} = {C8ABDC85-EBC0-447F-B28B-47DB8951B8D6}
		{DB44F7BE-20E4-46CC-A54A-25B3FDF2B3E8} = {6C70CE56-7708-4B24-9ADE-C6D027EAAA89}
		{B1FF91A5-0A93-47E1-88F4-176CBA6B0B84} = {6C70CE56-7708-4B24-9ADE-C6D027EAAA89}
		{FC86BC7E-FE6C-4CC1-B13A-903156BF1191} = {4001F3AB-5832-4A6D-B229-2B18FE1BB4ED}
		{95F10FEF-1DBC-4DB6-AC9B-D5574FFC3E41} = {693DAFD1-03D7-4D8F-B660-83C6FA3E9F92}
		{E2C11CC6-08D6-4D6A-9B6B-40F67DDE531E} = {693DAFD1-03D7-4D8F-B660-83C6FA3E9F92}
		{883F2E96-CE04-4B9B-A214-5ACE911F5CC2} = {693DAFD1-03D7-4D8F-B660-83C6FA3E9F92}
	EndGlobalSection
	GlobalSection(ExtensibilityGlobals) = postSolution
		SolutionGuid = {63F725D0-BE38-4A81-9E55-32C637AAE5B1}
	EndGlobalSection
EndGlobal
